
Microsoft Visual Studio Solution File, Format Version 12.00
# Visual Studio 15
VisualStudioVersion = 15.0.28307.2092
MinimumVisualStudioVersion = 10.0.40219.1
Project("{FAE04EC0-301F-11D3-BF4B-00C04F79EFBC}") = "practice_5_1", "practice_5_1\practice_5_1.csproj", "{43FD069F-B2D9-4B6E-8328-A66EC34FB762}"
EndProject
Global
	GlobalSection(SolutionConfigurationPlatforms) = preSolution
		Debug|Any CPU = Debug|Any CPU
		Release|Any CPU = Release|Any CPU
	EndGlobalSection
	GlobalSection(ProjectConfigurationPlatforms) = postSolution
		{43FD069F-B2D9-4B6E-8328-A66EC34FB762}.Debug|Any CPU.ActiveCfg = Debug|Any CPU
		{43FD069F-B2D9-4B6E-8328-A66EC34FB762}.Debug|Any CPU.Build.0 = Debug|Any CPU
		{43FD069F-B2D9-4B6E-8328-A66EC34FB762}.Release|Any CPU.ActiveCfg = Release|Any CPU
		{43FD069F-B2D9-4B6E-8328-A66EC34FB762}.Release|Any CPU.Build.0 = Release|Any CPU
	EndGlobalSection
	GlobalSection(SolutionProperties) = preSolution
		HideSolutionNode = FALSE
	EndGlobalSection
	GlobalSection(ExtensibilityGlobals) = postSolution
		SolutionGuid = {6111442A-846B-43E0-BB29-80A2DC8050B0}
	EndGlobalSection
EndGlobal
