
Microsoft Visual Studio Solution File, Format Version 12.00
# Visual Studio 15
VisualStudioVersion = 15.0.28307.2092
MinimumVisualStudioVersion = 10.0.40219.1
Project("{FAE04EC0-301F-11D3-BF4B-00C04F79EFBC}") = "practice_6_2", "practice_6_2\practice_6_2.csproj", "{4EAD0338-68C9-495B-9FDE-0CE20E7F8E73}"
EndProject
Global
	GlobalSection(SolutionConfigurationPlatforms) = preSolution
		Debug|Any CPU = Debug|Any CPU
		Release|Any CPU = Release|Any CPU
	EndGlobalSection
	GlobalSection(ProjectConfigurationPlatforms) = postSolution
		{4EAD0338-68C9-495B-9FDE-0CE20E7F8E73}.Debug|Any CPU.ActiveCfg = Debug|Any CPU
		{4EAD0338-68C9-495B-9FDE-0CE20E7F8E73}.Debug|Any CPU.Build.0 = Debug|Any CPU
		{4EAD0338-68C9-495B-9FDE-0CE20E7F8E73}.Release|Any CPU.ActiveCfg = Release|Any CPU
		{4EAD0338-68C9-495B-9FDE-0CE20E7F8E73}.Release|Any CPU.Build.0 = Release|Any CPU
	EndGlobalSection
	GlobalSection(SolutionProperties) = preSolution
		HideSolutionNode = FALSE
	EndGlobalSection
	GlobalSection(ExtensibilityGlobals) = postSolution
		SolutionGuid = {824978AB-004C-40BF-A873-AFD0DD7B6D55}
	EndGlobalSection
EndGlobal
